// !$*UTF8*$!
{
	archiveVersion = 1;
	classes = {
	};
	objectVersion = 46;
	objects = {

/* Begin PBXBuildFile section */
		C430EC601F2AE1210019907F /* AppDelegate.swift in Sources */ = {isa = PBXBuildFile; fileRef = C430EC5F1F2AE1210019907F /* AppDelegate.swift */; };
		C430EC621F2AE1210019907F /* ViewController.swift in Sources */ = {isa = PBXBuildFile; fileRef = C430EC611F2AE1210019907F /* ViewController.swift */; };
		C430EC651F2AE1210019907F /* Main.storyboard in Resources */ = {isa = PBXBuildFile; fileRef = C430EC631F2AE1210019907F /* Main.storyboard */; };
		C430EC671F2AE1210019907F /* Assets.xcassets in Resources */ = {isa = PBXBuildFile; fileRef = C430EC661F2AE1210019907F /* Assets.xcassets */; };
		C430EC6A1F2AE1210019907F /* LaunchScreen.storyboard in Resources */ = {isa = PBXBuildFile; fileRef = C430EC681F2AE1210019907F /* LaunchScreen.storyboard */; };
		C430EC821F2AF5750019907F /* SignUpViewController.swift in Sources */ = {isa = PBXBuildFile; fileRef = C430EC811F2AF5750019907F /* SignUpViewController.swift */; };
		C430EC8C1F2B181A0019907F /* ic_save_2x.png in Resources */ = {isa = PBXBuildFile; fileRef = C430EC891F2B181A0019907F /* ic_save_2x.png */; };
		C430EC8D1F2B181A0019907F /* ic_save_3x.png in Resources */ = {isa = PBXBuildFile; fileRef = C430EC8A1F2B181A0019907F /* ic_save_3x.png */; };
		C430EC8E1F2B181A0019907F /* ic_save.png in Resources */ = {isa = PBXBuildFile; fileRef = C430EC8B1F2B181A0019907F /* ic_save.png */; };
		C430EC901F2B19690019907F /* bg_pkru.png in Resources */ = {isa = PBXBuildFile; fileRef = C430EC8F1F2B19690019907F /* bg_pkru.png */; };
		C430EC921F2B19840019907F /* logo_40pkru.png in Resources */ = {isa = PBXBuildFile; fileRef = C430EC911F2B19840019907F /* logo_40pkru.png */; };
		C430EC961F2B19F10019907F /* ic_keyboard_arrow_left_2x.png in Resources */ = {isa = PBXBuildFile; fileRef = C430EC931F2B19F10019907F /* ic_keyboard_arrow_left_2x.png */; };
		C430EC971F2B19F10019907F /* ic_keyboard_arrow_left_3x.png in Resources */ = {isa = PBXBuildFile; fileRef = C430EC941F2B19F10019907F /* ic_keyboard_arrow_left_3x.png */; };
		C430EC981F2B19F10019907F /* ic_keyboard_arrow_left.png in Resources */ = {isa = PBXBuildFile; fileRef = C430EC951F2B19F10019907F /* ic_keyboard_arrow_left.png */; };
		C430EC9C1F2B1A280019907F /* ic_group_add_2x.png in Resources */ = {isa = PBXBuildFile; fileRef = C430EC991F2B1A280019907F /* ic_group_add_2x.png */; };
		C430EC9D1F2B1A280019907F /* ic_group_add_3x.png in Resources */ = {isa = PBXBuildFile; fileRef = C430EC9A1F2B1A280019907F /* ic_group_add_3x.png */; };
		C430EC9E1F2B1A280019907F /* ic_group_add.png in Resources */ = {isa = PBXBuildFile; fileRef = C430EC9B1F2B1A280019907F /* ic_group_add.png */; };
		C430ECA21F2B1A450019907F /* ic_exit_to_app_2x.png in Resources */ = {isa = PBXBuildFile; fileRef = C430EC9F1F2B1A450019907F /* ic_exit_to_app_2x.png */; };
		C430ECA31F2B1A450019907F /* ic_exit_to_app_3x.png in Resources */ = {isa = PBXBuildFile; fileRef = C430ECA01F2B1A450019907F /* ic_exit_to_app_3x.png */; };
		C430ECA41F2B1A450019907F /* ic_exit_to_app.png in Resources */ = {isa = PBXBuildFile; fileRef = C430ECA11F2B1A450019907F /* ic_exit_to_app.png */; };
		C46A31161F2B9CD8005805CD /* README.md in Sources */ = {isa = PBXBuildFile; fileRef = C46A31151F2B9CD8005805CD /* README.md */; };
/* End PBXBuildFile section */

/* Begin PBXFileReference section */
		C430EC5C1F2AE1210019907F /* PKRU Service.app */ = {isa = PBXFileReference; explicitFileType = wrapper.application; includeInIndex = 0; path = "PKRU Service.app"; sourceTree = BUILT_PRODUCTS_DIR; };
		C430EC5F1F2AE1210019907F /* AppDelegate.swift */ = {isa = PBXFileReference; lastKnownFileType = sourcecode.swift; path = AppDelegate.swift; sourceTree = "<group>"; };
		C430EC611F2AE1210019907F /* ViewController.swift */ = {isa = PBXFileReference; lastKnownFileType = sourcecode.swift; path = ViewController.swift; sourceTree = "<group>"; };
		C430EC641F2AE1210019907F /* Base */ = {isa = PBXFileReference; lastKnownFileType = file.storyboard; name = Base; path = Base.lproj/Main.storyboard; sourceTree = "<group>"; };
		C430EC661F2AE1210019907F /* Assets.xcassets */ = {isa = PBXFileReference; lastKnownFileType = folder.assetcatalog; path = Assets.xcassets; sourceTree = "<group>"; };
		C430EC691F2AE1210019907F /* Base */ = {isa = PBXFileReference; lastKnownFileType = file.storyboard; name = Base; path = Base.lproj/LaunchScreen.storyboard; sourceTree = "<group>"; };
		C430EC6B1F2AE1210019907F /* Info.plist */ = {isa = PBXFileReference; lastKnownFileType = text.plist.xml; path = Info.plist; sourceTree = "<group>"; };
		C430EC811F2AF5750019907F /* SignUpViewController.swift */ = {isa = PBXFileReference; fileEncoding = 4; lastKnownFileType = sourcecode.swift; path = SignUpViewController.swift; sourceTree = "<group>"; };
		C430EC891F2B181A0019907F /* ic_save_2x.png */ = {isa = PBXFileReference; lastKnownFileType = image.png; path = ic_save_2x.png; sourceTree = "<group>"; };
		C430EC8A1F2B181A0019907F /* ic_save_3x.png */ = {isa = PBXFileReference; lastKnownFileType = image.png; path = ic_save_3x.png; sourceTree = "<group>"; };
		C430EC8B1F2B181A0019907F /* ic_save.png */ = {isa = PBXFileReference; lastKnownFileType = image.png; path = ic_save.png; sourceTree = "<group>"; };
		C430EC8F1F2B19690019907F /* bg_pkru.png */ = {isa = PBXFileReference; lastKnownFileType = image.png; path = bg_pkru.png; sourceTree = "<group>"; };
		C430EC911F2B19840019907F /* logo_40pkru.png */ = {isa = PBXFileReference; lastKnownFileType = image.png; path = logo_40pkru.png; sourceTree = "<group>"; };
		C430EC931F2B19F10019907F /* ic_keyboard_arrow_left_2x.png */ = {isa = PBXFileReference; lastKnownFileType = image.png; path = ic_keyboard_arrow_left_2x.png; sourceTree = "<group>"; };
		C430EC941F2B19F10019907F /* ic_keyboard_arrow_left_3x.png */ = {isa = PBXFileReference; lastKnownFileType = image.png; path = ic_keyboard_arrow_left_3x.png; sourceTree = "<group>"; };
		C430EC951F2B19F10019907F /* ic_keyboard_arrow_left.png */ = {isa = PBXFileReference; lastKnownFileType = image.png; path = ic_keyboard_arrow_left.png; sourceTree = "<group>"; };
		C430EC991F2B1A280019907F /* ic_group_add_2x.png */ = {isa = PBXFileReference; lastKnownFileType = image.png; path = ic_group_add_2x.png; sourceTree = "<group>"; };
		C430EC9A1F2B1A280019907F /* ic_group_add_3x.png */ = {isa = PBXFileReference; lastKnownFileType = image.png; path = ic_group_add_3x.png; sourceTree = "<group>"; };
		C430EC9B1F2B1A280019907F /* ic_group_add.png */ = {isa = PBXFileReference; lastKnownFileType = image.png; path = ic_group_add.png; sourceTree = "<group>"; };
		C430EC9F1F2B1A450019907F /* ic_exit_to_app_2x.png */ = {isa = PBXFileReference; lastKnownFileType = image.png; path = ic_exit_to_app_2x.png; sourceTree = "<group>"; };
		C430ECA01F2B1A450019907F /* ic_exit_to_app_3x.png */ = {isa = PBXFileReference; lastKnownFileType = image.png; path = ic_exit_to_app_3x.png; sourceTree = "<group>"; };
		C430ECA11F2B1A450019907F /* ic_exit_to_app.png */ = {isa = PBXFileReference; lastKnownFileType = image.png; path = ic_exit_to_app.png; sourceTree = "<group>"; };
		C46A31151F2B9CD8005805CD /* README.md */ = {isa = PBXFileReference; fileEncoding = 4; lastKnownFileType = net.daringfireball.markdown; path = README.md; sourceTree = "<group>"; };
/* End PBXFileReference section */

/* Begin PBXFrameworksBuildPhase section */
		C430EC591F2AE1210019907F /* Frameworks */ = {
			isa = PBXFrameworksBuildPhase;
			buildActionMask = 2147483647;
			files = (
			);
			runOnlyForDeploymentPostprocessing = 0;
		};
/* End PBXFrameworksBuildPhase section */

/* Begin PBXGroup section */
		C430EC531F2AE1210019907F = {
			isa = PBXGroup;
			children = (
				C46A31151F2B9CD8005805CD /* README.md */,
				C430EC5E1F2AE1210019907F /* PKRU Service */,
				C430EC5D1F2AE1210019907F /* Products */,
			);
			sourceTree = "<group>";
		};
		C430EC5D1F2AE1210019907F /* Products */ = {
			isa = PBXGroup;
			children = (
				C430EC5C1F2AE1210019907F /* PKRU Service.app */,
			);
			name = Products;
			sourceTree = "<group>";
		};
		C430EC5E1F2AE1210019907F /* PKRU Service */ = {
			isa = PBXGroup;
			children = (
				C430EC6B1F2AE1210019907F /* Info.plist */,
				C430EC8F1F2B19690019907F /* bg_pkru.png */,
				C430EC9F1F2B1A450019907F /* ic_exit_to_app_2x.png */,
				C430ECA01F2B1A450019907F /* ic_exit_to_app_3x.png */,
				C430ECA11F2B1A450019907F /* ic_exit_to_app.png */,
				C430EC991F2B1A280019907F /* ic_group_add_2x.png */,
				C430EC9A1F2B1A280019907F /* ic_group_add_3x.png */,
				C430EC9B1F2B1A280019907F /* ic_group_add.png */,
				C430EC931F2B19F10019907F /* ic_keyboard_arrow_left_2x.png */,
				C430EC941F2B19F10019907F /* ic_keyboard_arrow_left_3x.png */,
				C430EC951F2B19F10019907F /* ic_keyboard_arrow_left.png */,
				C430EC891F2B181A0019907F /* ic_save_2x.png */,
				C430EC8A1F2B181A0019907F /* ic_save_3x.png */,
				C430EC8B1F2B181A0019907F /* ic_save.png */,
				C430EC911F2B19840019907F /* logo_40pkru.png */,
				C430EC5F1F2AE1210019907F /* AppDelegate.swift */,
				C430EC811F2AF5750019907F /* SignUpViewController.swift */,
				C430EC611F2AE1210019907F /* ViewController.swift */,
				C430EC661F2AE1210019907F /* Assets.xcassets */,
				C430EC681F2AE1210019907F /* LaunchScreen.storyboard */,
				C430EC631F2AE1210019907F /* Main.storyboard */,
			);
			path = "PKRU Service";
			sourceTree = "<group>";
		};
/* End PBXGroup section */

/* Begin PBXNativeTarget section */
		C430EC5B1F2AE1210019907F /* PKRU Service */ = {
			isa = PBXNativeTarget;
			buildConfigurationList = C430EC6E1F2AE1210019907F /* Build configuration list for PBXNativeTarget "PKRU Service" */;
			buildPhases = (
				C430EC581F2AE1210019907F /* Sources */,
				C430EC591F2AE1210019907F /* Frameworks */,
				C430EC5A1F2AE1210019907F /* Resources */,
			);
			buildRules = (
			);
			dependencies = (
			);
			name = "PKRU Service";
			productName = "PKRU Service";
			productReference = C430EC5C1F2AE1210019907F /* PKRU Service.app */;
			productType = "com.apple.product-type.application";
		};
/* End PBXNativeTarget section */

/* Begin PBXProject section */
		C430EC541F2AE1210019907F /* Project object */ = {
			isa = PBXProject;
			attributes = {
				LastSwiftUpdateCheck = 0830;
				LastUpgradeCheck = 0830;
				ORGANIZATIONNAME = MasterUNG;
				TargetAttributes = {
					C430EC5B1F2AE1210019907F = {
						CreatedOnToolsVersion = 8.3.3;
						ProvisioningStyle = Automatic;
					};
				};
			};
			buildConfigurationList = C430EC571F2AE1210019907F /* Build configuration list for PBXProject "PKRU Service" */;
			compatibilityVersion = "Xcode 3.2";
			developmentRegion = English;
			hasScannedForEncodings = 0;
			knownRegions = (
				en,
				Base,
			);
			mainGroup = C430EC531F2AE1210019907F;
			productRefGroup = C430EC5D1F2AE1210019907F /* Products */;
			projectDirPath = "";
			projectRoot = "";
			targets = (
				C430EC5B1F2AE1210019907F /* PKRU Service */,
			);
		};
/* End PBXProject section */

/* Begin PBXResourcesBuildPhase section */
		C430EC5A1F2AE1210019907F /* Resources */ = {
			isa = PBXResourcesBuildPhase;
			buildActionMask = 2147483647;
			files = (
				C430EC971F2B19F10019907F /* ic_keyboard_arrow_left_3x.png in Resources */,
				C430EC8D1F2B181A0019907F /* ic_save_3x.png in Resources */,
				C430EC9C1F2B1A280019907F /* ic_group_add_2x.png in Resources */,
				C430EC8C1F2B181A0019907F /* ic_save_2x.png in Resources */,
				C430EC9E1F2B1A280019907F /* ic_group_add.png in Resources */,
				C430ECA31F2B1A450019907F /* ic_exit_to_app_3x.png in Resources */,
				C430EC981F2B19F10019907F /* ic_keyboard_arrow_left.png in Resources */,
				C430ECA41F2B1A450019907F /* ic_exit_to_app.png in Resources */,
				C430EC6A1F2AE1210019907F /* LaunchScreen.storyboard in Resources */,
				C430EC9D1F2B1A280019907F /* ic_group_add_3x.png in Resources */,
				C430EC671F2AE1210019907F /* Assets.xcassets in Resources */,
				C430EC8E1F2B181A0019907F /* ic_save.png in Resources */,
				C430ECA21F2B1A450019907F /* ic_exit_to_app_2x.png in Resources */,
				C430EC901F2B19690019907F /* bg_pkru.png in Resources */,
				C430EC921F2B19840019907F /* logo_40pkru.png in Resources */,
				C430EC651F2AE1210019907F /* Main.storyboard in Resources */,
				C430EC961F2B19F10019907F /* ic_keyboard_arrow_left_2x.png in Resources */,
			);
			runOnlyForDeploymentPostprocessing = 0;
		};
/* End PBXResourcesBuildPhase section */

/* Begin PBXSourcesBuildPhase section */
		C430EC581F2AE1210019907F /* Sources */ = {
			isa = PBXSourcesBuildPhase;
			buildActionMask = 2147483647;
			files = (
				C430EC821F2AF5750019907F /* SignUpViewController.swift in Sources */,
				C430EC621F2AE1210019907F /* ViewController.swift in Sources */,
				C46A31161F2B9CD8005805CD /* README.md in Sources */,
				C430EC601F2AE1210019907F /* AppDelegate.swift in Sources */,
			);
			runOnlyForDeploymentPostprocessing = 0;
		};
/* End PBXSourcesBuildPhase section */

/* Begin PBXVariantGroup section */
		C430EC631F2AE1210019907F /* Main.storyboard */ = {
			isa = PBXVariantGroup;
			children = (
				C430EC641F2AE1210019907F /* Base */,
			);
			name = Main.storyboard;
			sourceTree = "<group>";
		};
		C430EC681F2AE1210019907F /* LaunchScreen.storyboard */ = {
			isa = PBXVariantGroup;
			children = (
				C430EC691F2AE1210019907F /* Base */,
			);
			name = LaunchScreen.storyboard;
			sourceTree = "<group>";
		};
/* End PBXVariantGroup section */

/* Begin XCBuildConfiguration section */
		C430EC6C1F2AE1210019907F /* Debug */ = {
			isa = XCBuildConfiguration;
			buildSettings = {
				ALWAYS_SEARCH_USER_PATHS = NO;
				CLANG_ANALYZER_NONNULL = YES;
				CLANG_ANALYZER_NUMBER_OBJECT_CONVERSION = YES_AGGRESSIVE;
				CLANG_CXX_LANGUAGE_STANDARD = "gnu++0x";
				CLANG_CXX_LIBRARY = "libc++";
				CLANG_ENABLE_MODULES = YES;
				CLANG_ENABLE_OBJC_ARC = YES;
				CLANG_WARN_BOOL_CONVERSION = YES;
				CLANG_WARN_CONSTANT_CONVERSION = YES;
				CLANG_WARN_DIRECT_OBJC_ISA_USAGE = YES_ERROR;
				CLANG_WARN_DOCUMENTATION_COMMENTS = YES;
				CLANG_WARN_EMPTY_BODY = YES;
				CLANG_WARN_ENUM_CONVERSION = YES;
				CLANG_WARN_INFINITE_RECURSION = YES;
				CLANG_WARN_INT_CONVERSION = YES;
				CLANG_WARN_OBJC_ROOT_CLASS = YES_ERROR;
				CLANG_WARN_SUSPICIOUS_MOVE = YES;
				CLANG_WARN_UNREACHABLE_CODE = YES;
				CLANG_WARN__DUPLICATE_METHOD_MATCH = YES;
				"CODE_SIGN_IDENTITY[sdk=iphoneos*]" = "iPhone Developer";
				COPY_PHASE_STRIP = NO;
				DEBUG_INFORMATION_FORMAT = dwarf;
				ENABLE_STRICT_OBJC_MSGSEND = YES;
				ENABLE_TESTABILITY = YES;
				GCC_C_LANGUAGE_STANDARD = gnu99;
				GCC_DYNAMIC_NO_PIC = NO;
				GCC_NO_COMMON_BLOCKS = YES;
				GCC_OPTIMIZATION_LEVEL = 0;
				GCC_PREPROCESSOR_DEFINITIONS = (
					"DEBUG=1",
					"$(inherited)",
				);
				GCC_WARN_64_TO_32_BIT_CONVERSION = YES;
				GCC_WARN_ABOUT_RETURN_TYPE = YES_ERROR;
				GCC_WARN_UNDECLARED_SELECTOR = YES;
				GCC_WARN_UNINITIALIZED_AUTOS = YES_AGGRESSIVE;
				GCC_WARN_UNUSED_FUNCTION = YES;
				GCC_WARN_UNUSED_VARIABLE = YES;
				IPHONEOS_DEPLOYMENT_TARGET = 10.3;
				MTL_ENABLE_DEBUG_INFO = YES;
				ONLY_ACTIVE_ARCH = YES;
				SDKROOT = iphoneos;
				SWIFT_ACTIVE_COMPILATION_CONDITIONS = DEBUG;
				SWIFT_OPTIMIZATION_LEVEL = "-Onone";
				TARGETED_DEVICE_FAMILY = "1,2";
			};
			name = Debug;
		};
		C430EC6D1F2AE1210019907F /* Release */ = {
			isa = XCBuildConfiguration;
			buildSettings = {
				ALWAYS_SEARCH_USER_PATHS = NO;
				CLANG_ANALYZER_NONNULL = YES;
				CLANG_ANALYZER_NUMBER_OBJECT_CONVERSION = YES_AGGRESSIVE;
				CLANG_CXX_LANGUAGE_STANDARD = "gnu++0x";
				CLANG_CXX_LIBRARY = "libc++";
				CLANG_ENABLE_MODULES = YES;
				CLANG_ENABLE_OBJC_ARC = YES;
				CLANG_WARN_BOOL_CONVERSION = YES;
				CLANG_WARN_CONSTANT_CONVERSION = YES;
				CLANG_WARN_DIRECT_OBJC_ISA_USAGE = YES_ERROR;
				CLANG_WARN_DOCUMENTATION_COMMENTS = YES;
				CLANG_WARN_EMPTY_BODY = YES;
				CLANG_WARN_ENUM_CONVERSION = YES;
				CLANG_WARN_INFINITE_RECURSION = YES;
				CLANG_WARN_INT_CONVERSION = YES;
				CLANG_WARN_OBJC_ROOT_CLASS = YES_ERROR;
				CLANG_WARN_SUSPICIOUS_MOVE = YES;
				CLANG_WARN_UNREACHABLE_CODE = YES;
				CLANG_WARN__DUPLICATE_METHOD_MATCH = YES;
				"CODE_SIGN_IDENTITY[sdk=iphoneos*]" = "iPhone Developer";
				COPY_PHASE_STRIP = NO;
				DEBUG_INFORMATION_FORMAT = "dwarf-with-dsym";
				ENABLE_NS_ASSERTIONS = NO;
				ENABLE_STRICT_OBJC_MSGSEND = YES;
				GCC_C_LANGUAGE_STANDARD = gnu99;
				GCC_NO_COMMON_BLOCKS = YES;
				GCC_WARN_64_TO_32_BIT_CONVERSION = YES;
				GCC_WARN_ABOUT_RETURN_TYPE = YES_ERROR;
				GCC_WARN_UNDECLARED_SELECTOR = YES;
				GCC_WARN_UNINITIALIZED_AUTOS = YES_AGGRESSIVE;
				GCC_WARN_UNUSED_FUNCTION = YES;
				GCC_WARN_UNUSED_VARIABLE = YES;
				IPHONEOS_DEPLOYMENT_TARGET = 10.3;
				MTL_ENABLE_DEBUG_INFO = NO;
				SDKROOT = iphoneos;
				SWIFT_OPTIMIZATION_LEVEL = "-Owholemodule";
				TARGETED_DEVICE_FAMILY = "1,2";
				VALIDATE_PRODUCT = YES;
			};
			name = Release;
		};
		C430EC6F1F2AE1210019907F /* Debug */ = {
			isa = XCBuildConfiguration;
			buildSettings = {
				ASSETCATALOG_COMPILER_APPICON_NAME = AppIcon;
				INFOPLIST_FILE = "PKRU Service/Info.plist";
				LD_RUNPATH_SEARCH_PATHS = "$(inherited) @executable_path/Frameworks";
				PRODUCT_BUNDLE_IDENTIFIER = "app.EWTC.PKRU-Service";
				PRODUCT_NAME = "$(TARGET_NAME)";
				SWIFT_VERSION = 3.0;
			};
			name = Debug;
		};
		C430EC701F2AE1210019907F /* Release */ = {
			isa = XCBuildConfiguration;
			buildSettings = {
				ASSETCATALOG_COMPILER_APPICON_NAME = AppIcon;
				INFOPLIST_FILE = "PKRU Service/Info.plist";
				LD_RUNPATH_SEARCH_PATHS = "$(inherited) @executable_path/Frameworks";
				PRODUCT_BUNDLE_IDENTIFIER = "app.EWTC.PKRU-Service";
				PRODUCT_NAME = "$(TARGET_NAME)";
				SWIFT_VERSION = 3.0;
			};
			name = Release;
		};
/* End XCBuildConfiguration section */

/* Begin XCConfigurationList section */
		C430EC571F2AE1210019907F /* Build configuration list for PBXProject "PKRU Service" */ = {
			isa = XCConfigurationList;
			buildConfigurations = (
				C430EC6C1F2AE1210019907F /* Debug */,
				C430EC6D1F2AE1210019907F /* Release */,
			);
			defaultConfigurationIsVisible = 0;
			defaultConfigurationName = Release;
		};
		C430EC6E1F2AE1210019907F /* Build configuration list for PBXNativeTarget "PKRU Service" */ = {
			isa = XCConfigurationList;
			buildConfigurations = (
				C430EC6F1F2AE1210019907F /* Debug */,
				C430EC701F2AE1210019907F /* Release */,
			);
			defaultConfigurationIsVisible = 0;
			defaultConfigurationName = Release;
		};
/* End XCConfigurationList section */
	};
	rootObject = C430EC541F2AE1210019907F /* Project object */;
}
